
Microsoft Visual Studio Solution File, Format Version 12.00
# Visual Studio Version 17
VisualStudioVersion = 17.10.35122.118
MinimumVisualStudioVersion = 10.0.40219.1
Project("{FAE04EC0-301F-11D3-BF4B-00C04F79EFBC}") = "#15 Nested If", "#15 Nested If\#15 Nested If.csproj", "{A57183D6-6EDC-4741-A427-00B15AEFC90B}"
EndProject
Global
	GlobalSection(SolutionConfigurationPlatforms) = preSolution
		Debug|Any CPU = Debug|Any CPU
		Release|Any CPU = Release|Any CPU
	EndGlobalSection
	GlobalSection(ProjectConfigurationPlatforms) = postSolution
		{A57183D6-6EDC-4741-A427-00B15AEFC90B}.Debug|Any CPU.ActiveCfg = Debug|Any CPU
		{A57183D6-6EDC-4741-A427-00B15AEFC90B}.Debug|Any CPU.Build.0 = Debug|Any CPU
		{A57183D6-6EDC-4741-A427-00B15AEFC90B}.Release|Any CPU.ActiveCfg = Release|Any CPU
		{A57183D6-6EDC-4741-A427-00B15AEFC90B}.Release|Any CPU.Build.0 = Release|Any CPU
	EndGlobalSection
	GlobalSection(SolutionProperties) = preSolution
		HideSolutionNode = FALSE
	EndGlobalSection
	GlobalSection(ExtensibilityGlobals) = postSolution
		SolutionGuid = {7D27C200-D8A3-49A9-B2E9-4F88CA03BE20}
	EndGlobalSection
EndGlobal
