
Microsoft Visual Studio Solution File, Format Version 12.00
# Visual Studio Version 17
VisualStudioVersion = 17.10.35122.118
MinimumVisualStudioVersion = 10.0.40219.1
Project("{FAE04EC0-301F-11D3-BF4B-00C04F79EFBC}") = "#18 Looping", "#18 Looping\#18 Looping.csproj", "{031BC7A4-3531-4EB7-899A-AFC724D550B4}"
EndProject
Global
	GlobalSection(SolutionConfigurationPlatforms) = preSolution
		Debug|Any CPU = Debug|Any CPU
		Release|Any CPU = Release|Any CPU
	EndGlobalSection
	GlobalSection(ProjectConfigurationPlatforms) = postSolution
		{031BC7A4-3531-4EB7-899A-AFC724D550B4}.Debug|Any CPU.ActiveCfg = Debug|Any CPU
		{031BC7A4-3531-4EB7-899A-AFC724D550B4}.Debug|Any CPU.Build.0 = Debug|Any CPU
		{031BC7A4-3531-4EB7-899A-AFC724D550B4}.Release|Any CPU.ActiveCfg = Release|Any CPU
		{031BC7A4-3531-4EB7-899A-AFC724D550B4}.Release|Any CPU.Build.0 = Release|Any CPU
	EndGlobalSection
	GlobalSection(SolutionProperties) = preSolution
		HideSolutionNode = FALSE
	EndGlobalSection
	GlobalSection(ExtensibilityGlobals) = postSolution
		SolutionGuid = {E6D76686-A966-4796-A7B5-16B0359A236C}
	EndGlobalSection
EndGlobal
