
Microsoft Visual Studio Solution File, Format Version 12.00
# Visual Studio Version 17
VisualStudioVersion = 17.10.35122.118
MinimumVisualStudioVersion = 10.0.40219.1
Project("{FAE04EC0-301F-11D3-BF4B-00C04F79EFBC}") = "CRUD-WITH-ARRAY-AND-LIST", "CRUD-WITH-ARRAY-AND-LIST\CRUD-WITH-ARRAY-AND-LIST.csproj", "{ED7B0269-8ED0-4258-A866-FE2D3CC3FD4C}"
EndProject
Global
	GlobalSection(SolutionConfigurationPlatforms) = preSolution
		Debug|Any CPU = Debug|Any CPU
		Release|Any CPU = Release|Any CPU
	EndGlobalSection
	GlobalSection(ProjectConfigurationPlatforms) = postSolution
		{ED7B0269-8ED0-4258-A866-FE2D3CC3FD4C}.Debug|Any CPU.ActiveCfg = Debug|Any CPU
		{ED7B0269-8ED0-4258-A866-FE2D3CC3FD4C}.Debug|Any CPU.Build.0 = Debug|Any CPU
		{ED7B0269-8ED0-4258-A866-FE2D3CC3FD4C}.Release|Any CPU.ActiveCfg = Release|Any CPU
		{ED7B0269-8ED0-4258-A866-FE2D3CC3FD4C}.Release|Any CPU.Build.0 = Release|Any CPU
	EndGlobalSection
	GlobalSection(SolutionProperties) = preSolution
		HideSolutionNode = FALSE
	EndGlobalSection
	GlobalSection(ExtensibilityGlobals) = postSolution
		SolutionGuid = {96CBA080-1F4C-4572-AE92-0FC8CFE601A1}
	EndGlobalSection
EndGlobal
