
Microsoft Visual Studio Solution File, Format Version 12.00
# Visual Studio Version 17
VisualStudioVersion = 17.10.35122.118
MinimumVisualStudioVersion = 10.0.40219.1
Project("{FAE04EC0-301F-11D3-BF4B-00C04F79EFBC}") = "#10 Array in C#", "#10 Array in C#\#10 Array in C#.csproj", "{A6528603-D6D8-4A8B-A347-7A6AD0BB1E4E}"
EndProject
Global
	GlobalSection(SolutionConfigurationPlatforms) = preSolution
		Debug|Any CPU = Debug|Any CPU
		Release|Any CPU = Release|Any CPU
	EndGlobalSection
	GlobalSection(ProjectConfigurationPlatforms) = postSolution
		{A6528603-D6D8-4A8B-A347-7A6AD0BB1E4E}.Debug|Any CPU.ActiveCfg = Debug|Any CPU
		{A6528603-D6D8-4A8B-A347-7A6AD0BB1E4E}.Debug|Any CPU.Build.0 = Debug|Any CPU
		{A6528603-D6D8-4A8B-A347-7A6AD0BB1E4E}.Release|Any CPU.ActiveCfg = Release|Any CPU
		{A6528603-D6D8-4A8B-A347-7A6AD0BB1E4E}.Release|Any CPU.Build.0 = Release|Any CPU
	EndGlobalSection
	GlobalSection(SolutionProperties) = preSolution
		HideSolutionNode = FALSE
	EndGlobalSection
	GlobalSection(ExtensibilityGlobals) = postSolution
		SolutionGuid = {7D2C6101-0E7E-4920-9FC9-CDB0A24DEB33}
	EndGlobalSection
EndGlobal
