
Microsoft Visual Studio Solution File, Format Version 12.00
# Visual Studio Version 17
VisualStudioVersion = 17.10.35122.118
MinimumVisualStudioVersion = 10.0.40219.1
Project("{FAE04EC0-301F-11D3-BF4B-00C04F79EFBC}") = "#5 Account Bank", "#5 Account Bank\#5 Account Bank.csproj", "{13E0FD8B-910C-4494-8AFE-F6ED759A0D05}"
EndProject
Global
	GlobalSection(SolutionConfigurationPlatforms) = preSolution
		Debug|Any CPU = Debug|Any CPU
		Release|Any CPU = Release|Any CPU
	EndGlobalSection
	GlobalSection(ProjectConfigurationPlatforms) = postSolution
		{13E0FD8B-910C-4494-8AFE-F6ED759A0D05}.Debug|Any CPU.ActiveCfg = Debug|Any CPU
		{13E0FD8B-910C-4494-8AFE-F6ED759A0D05}.Debug|Any CPU.Build.0 = Debug|Any CPU
		{13E0FD8B-910C-4494-8AFE-F6ED759A0D05}.Release|Any CPU.ActiveCfg = Release|Any CPU
		{13E0FD8B-910C-4494-8AFE-F6ED759A0D05}.Release|Any CPU.Build.0 = Release|Any CPU
	EndGlobalSection
	GlobalSection(SolutionProperties) = preSolution
		HideSolutionNode = FALSE
	EndGlobalSection
	GlobalSection(ExtensibilityGlobals) = postSolution
		SolutionGuid = {05A4C714-C767-4DD2-BAAC-20335B2E0E1C}
	EndGlobalSection
EndGlobal
