
Microsoft Visual Studio Solution File, Format Version 12.00
# Visual Studio Version 17
VisualStudioVersion = 17.10.35122.118
MinimumVisualStudioVersion = 10.0.40219.1
Project("{FAE04EC0-301F-11D3-BF4B-00C04F79EFBC}") = "#4 Employee Class", "#4 Employee Class\#4 Employee Class.csproj", "{91962A2E-A8DF-42F9-8E35-7D06D0AFCFF4}"
EndProject
Global
	GlobalSection(SolutionConfigurationPlatforms) = preSolution
		Debug|Any CPU = Debug|Any CPU
		Release|Any CPU = Release|Any CPU
	EndGlobalSection
	GlobalSection(ProjectConfigurationPlatforms) = postSolution
		{91962A2E-A8DF-42F9-8E35-7D06D0AFCFF4}.Debug|Any CPU.ActiveCfg = Debug|Any CPU
		{91962A2E-A8DF-42F9-8E35-7D06D0AFCFF4}.Debug|Any CPU.Build.0 = Debug|Any CPU
		{91962A2E-A8DF-42F9-8E35-7D06D0AFCFF4}.Release|Any CPU.ActiveCfg = Release|Any CPU
		{91962A2E-A8DF-42F9-8E35-7D06D0AFCFF4}.Release|Any CPU.Build.0 = Release|Any CPU
	EndGlobalSection
	GlobalSection(SolutionProperties) = preSolution
		HideSolutionNode = FALSE
	EndGlobalSection
	GlobalSection(ExtensibilityGlobals) = postSolution
		SolutionGuid = {357DBA2B-98BC-4E30-AE73-F85CB95E5722}
	EndGlobalSection
EndGlobal
